
Microsoft Visual Studio Solution File, Format Version 12.00
Project("{FAE04EC0-301F-11D3-BF4B-00C04F79EFBC}") = "JeuMorpion", "JeuMorpion\JeuMorpion.csproj", "{1EF836BB-8275-48FE-87ED-9AFB7F4DF27E}"
EndProject
Global
	GlobalSection(SolutionConfigurationPlatforms) = preSolution
		Debug|Any CPU = Debug|Any CPU
		Release|Any CPU = Release|Any CPU
	EndGlobalSection
	GlobalSection(ProjectConfigurationPlatforms) = postSolution
		{1EF836BB-8275-48FE-87ED-9AFB7F4DF27E}.Debug|Any CPU.ActiveCfg = Debug|Any CPU
		{1EF836BB-8275-48FE-87ED-9AFB7F4DF27E}.Debug|Any CPU.Build.0 = Debug|Any CPU
		{1EF836BB-8275-48FE-87ED-9AFB7F4DF27E}.Release|Any CPU.ActiveCfg = Release|Any CPU
		{1EF836BB-8275-48FE-87ED-9AFB7F4DF27E}.Release|Any CPU.Build.0 = Release|Any CPU
	EndGlobalSection
EndGlobal
